// !$*UTF8*$!
{
	archiveVersion = 1;
	classes = {
	};
	objectVersion = 46;
	objects = {

/* Begin PBXBuildFile section */
		64F28ABF1CFC424D00E18BB1 /* main.m in Sources */ = {isa = PBXBuildFile; fileRef = 64F28ABE1CFC424D00E18BB1 /* main.m */; };
		64F28AC21CFC424D00E18BB1 /* AppDelegate.m in Sources */ = {isa = PBXBuildFile; fileRef = 64F28AC11CFC424D00E18BB1 /* AppDelegate.m */; };
		64F28AC51CFC424D00E18BB1 /* ViewController.m in Sources */ = {isa = PBXBuildFile; fileRef = 64F28AC41CFC424D00E18BB1 /* ViewController.m */; };
		64F28AC81CFC424D00E18BB1 /* Main.storyboard in Resources */ = {isa = PBXBuildFile; fileRef = 64F28AC61CFC424D00E18BB1 /* Main.storyboard */; };
		64F28ACA1CFC424D00E18BB1 /* Assets.xcassets in Resources */ = {isa = PBXBuildFile; fileRef = 64F28AC91CFC424D00E18BB1 /* Assets.xcassets */; };
		64F28ACD1CFC424D00E18BB1 /* LaunchScreen.storyboard in Resources */ = {isa = PBXBuildFile; fileRef = 64F28ACB1CFC424D00E18BB1 /* LaunchScreen.storyboard */; };
		64F28AD81CFC424D00E18BB1 /* AdapterPatternTests.m in Sources */ = {isa = PBXBuildFile; fileRef = 64F28AD71CFC424D00E18BB1 /* AdapterPatternTests.m */; };
		64F28AE31CFC424D00E18BB1 /* AdapterPatternUITests.m in Sources */ = {isa = PBXBuildFile; fileRef = 64F28AE21CFC424D00E18BB1 /* AdapterPatternUITests.m */; };
		64F28AF21CFC42CA00E18BB1 /* BusinessCardView.m in Sources */ = {isa = PBXBuildFile; fileRef = 64F28AF11CFC42CA00E18BB1 /* BusinessCardView.m */; };
		64F28AF61CFC496200E18BB1 /* BusinessCardAdapter.m in Sources */ = {isa = PBXBuildFile; fileRef = 64F28AF51CFC496200E18BB1 /* BusinessCardAdapter.m */; };
		64F28AF91CFC4B3A00E18BB1 /* CommonUsedAdapter.m in Sources */ = {isa = PBXBuildFile; fileRef = 64F28AF81CFC4B3A00E18BB1 /* CommonUsedAdapter.m */; };
		64F28AFC1CFC4BAA00E18BB1 /* NormalModel.m in Sources */ = {isa = PBXBuildFile; fileRef = 64F28AFB1CFC4BAA00E18BB1 /* NormalModel.m */; };
		64F28AFF1CFC4C0700E18BB1 /* NormalModelAdapter.m in Sources */ = {isa = PBXBuildFile; fileRef = 64F28AFE1CFC4C0700E18BB1 /* NormalModelAdapter.m */; };
		64F28B021CFC4D1000E18BB1 /* SpecialModel.m in Sources */ = {isa = PBXBuildFile; fileRef = 64F28B011CFC4D1000E18BB1 /* SpecialModel.m */; };
		64F28B051CFC4D6500E18BB1 /* SpecialModelAdapter.m in Sources */ = {isa = PBXBuildFile; fileRef = 64F28B041CFC4D6500E18BB1 /* SpecialModelAdapter.m */; };
/* End PBXBuildFile section */

/* Begin PBXContainerItemProxy section */
		64F28AD41CFC424D00E18BB1 /* PBXContainerItemProxy */ = {
			isa = PBXContainerItemProxy;
			containerPortal = 64F28AB21CFC424D00E18BB1 /* Project object */;
			proxyType = 1;
			remoteGlobalIDString = 64F28AB91CFC424D00E18BB1;
			remoteInfo = AdapterPattern;
		};
		64F28ADF1CFC424D00E18BB1 /* PBXContainerItemProxy */ = {
			isa = PBXContainerItemProxy;
			containerPortal = 64F28AB21CFC424D00E18BB1 /* Project object */;
			proxyType = 1;
			remoteGlobalIDString = 64F28AB91CFC424D00E18BB1;
			remoteInfo = AdapterPattern;
		};
/* End PBXContainerItemProxy section */

/* Begin PBXFileReference section */
		64F28ABA1CFC424D00E18BB1 /* AdapterPattern.app */ = {isa = PBXFileReference; explicitFileType = wrapper.application; includeInIndex = 0; path = AdapterPattern.app; sourceTree = BUILT_PRODUCTS_DIR; };
		64F28ABE1CFC424D00E18BB1 /* main.m */ = {isa = PBXFileReference; lastKnownFileType = sourcecode.c.objc; path = main.m; sourceTree = "<group>"; };
		64F28AC01CFC424D00E18BB1 /* AppDelegate.h */ = {isa = PBXFileReference; lastKnownFileType = sourcecode.c.h; path = AppDelegate.h; sourceTree = "<group>"; };
		64F28AC11CFC424D00E18BB1 /* AppDelegate.m */ = {isa = PBXFileReference; lastKnownFileType = sourcecode.c.objc; path = AppDelegate.m; sourceTree = "<group>"; };
		64F28AC31CFC424D00E18BB1 /* ViewController.h */ = {isa = PBXFileReference; lastKnownFileType = sourcecode.c.h; path = ViewController.h; sourceTree = "<group>"; };
		64F28AC41CFC424D00E18BB1 /* ViewController.m */ = {isa = PBXFileReference; lastKnownFileType = sourcecode.c.objc; path = ViewController.m; sourceTree = "<group>"; };
		64F28AC71CFC424D00E18BB1 /* Base */ = {isa = PBXFileReference; lastKnownFileType = file.storyboard; name = Base; path = Base.lproj/Main.storyboard; sourceTree = "<group>"; };
		64F28AC91CFC424D00E18BB1 /* Assets.xcassets */ = {isa = PBXFileReference; lastKnownFileType = folder.assetcatalog; path = Assets.xcassets; sourceTree = "<group>"; };
		64F28ACC1CFC424D00E18BB1 /* Base */ = {isa = PBXFileReference; lastKnownFileType = file.storyboard; name = Base; path = Base.lproj/LaunchScreen.storyboard; sourceTree = "<group>"; };
		64F28ACE1CFC424D00E18BB1 /* Info.plist */ = {isa = PBXFileReference; lastKnownFileType = text.plist.xml; path = Info.plist; sourceTree = "<group>"; };
		64F28AD31CFC424D00E18BB1 /* AdapterPatternTests.xctest */ = {isa = PBXFileReference; explicitFileType = wrapper.cfbundle; includeInIndex = 0; path = AdapterPatternTests.xctest; sourceTree = BUILT_PRODUCTS_DIR; };
		64F28AD71CFC424D00E18BB1 /* AdapterPatternTests.m */ = {isa = PBXFileReference; lastKnownFileType = sourcecode.c.objc; path = AdapterPatternTests.m; sourceTree = "<group>"; };
		64F28AD91CFC424D00E18BB1 /* Info.plist */ = {isa = PBXFileReference; lastKnownFileType = text.plist.xml; path = Info.plist; sourceTree = "<group>"; };
		64F28ADE1CFC424D00E18BB1 /* AdapterPatternUITests.xctest */ = {isa = PBXFileReference; explicitFileType = wrapper.cfbundle; includeInIndex = 0; path = AdapterPatternUITests.xctest; sourceTree = BUILT_PRODUCTS_DIR; };
		64F28AE21CFC424D00E18BB1 /* AdapterPatternUITests.m */ = {isa = PBXFileReference; lastKnownFileType = sourcecode.c.objc; path = AdapterPatternUITests.m; sourceTree = "<group>"; };
		64F28AE41CFC424D00E18BB1 /* Info.plist */ = {isa = PBXFileReference; lastKnownFileType = text.plist.xml; path = Info.plist; sourceTree = "<group>"; };
		64F28AF01CFC42CA00E18BB1 /* BusinessCardView.h */ = {isa = PBXFileReference; fileEncoding = 4; lastKnownFileType = sourcecode.c.h; path = BusinessCardView.h; sourceTree = "<group>"; };
		64F28AF11CFC42CA00E18BB1 /* BusinessCardView.m */ = {isa = PBXFileReference; fileEncoding = 4; lastKnownFileType = sourcecode.c.objc; path = BusinessCardView.m; sourceTree = "<group>"; };
		64F28AF31CFC454F00E18BB1 /* BusinessCardAdapterProtocol.h */ = {isa = PBXFileReference; fileEncoding = 4; lastKnownFileType = sourcecode.c.h; path = BusinessCardAdapterProtocol.h; sourceTree = "<group>"; };
		64F28AF41CFC496200E18BB1 /* BusinessCardAdapter.h */ = {isa = PBXFileReference; fileEncoding = 4; lastKnownFileType = sourcecode.c.h; path = BusinessCardAdapter.h; sourceTree = "<group>"; };
		64F28AF51CFC496200E18BB1 /* BusinessCardAdapter.m */ = {isa = PBXFileReference; fileEncoding = 4; lastKnownFileType = sourcecode.c.objc; path = BusinessCardAdapter.m; sourceTree = "<group>"; };
		64F28AF71CFC4B3A00E18BB1 /* CommonUsedAdapter.h */ = {isa = PBXFileReference; fileEncoding = 4; lastKnownFileType = sourcecode.c.h; path = CommonUsedAdapter.h; sourceTree = "<group>"; };
		64F28AF81CFC4B3A00E18BB1 /* CommonUsedAdapter.m */ = {isa = PBXFileReference; fileEncoding = 4; lastKnownFileType = sourcecode.c.objc; path = CommonUsedAdapter.m; sourceTree = "<group>"; };
		64F28AFA1CFC4BAA00E18BB1 /* NormalModel.h */ = {isa = PBXFileReference; fileEncoding = 4; lastKnownFileType = sourcecode.c.h; path = NormalModel.h; sourceTree = "<group>"; };
		64F28AFB1CFC4BAA00E18BB1 /* NormalModel.m */ = {isa = PBXFileReference; fileEncoding = 4; lastKnownFileType = sourcecode.c.objc; path = NormalModel.m; sourceTree = "<group>"; };
		64F28AFD1CFC4C0700E18BB1 /* NormalModelAdapter.h */ = {isa = PBXFileReference; fileEncoding = 4; lastKnownFileType = sourcecode.c.h; path = NormalModelAdapter.h; sourceTree = "<group>"; };
		64F28AFE1CFC4C0700E18BB1 /* NormalModelAdapter.m */ = {isa = PBXFileReference; fileEncoding = 4; lastKnownFileType = sourcecode.c.objc; path = NormalModelAdapter.m; sourceTree = "<group>"; };
		64F28B001CFC4D1000E18BB1 /* SpecialModel.h */ = {isa = PBXFileReference; fileEncoding = 4; lastKnownFileType = sourcecode.c.h; path = SpecialModel.h; sourceTree = "<group>"; };
		64F28B011CFC4D1000E18BB1 /* SpecialModel.m */ = {isa = PBXFileReference; fileEncoding = 4; lastKnownFileType = sourcecode.c.objc; path = SpecialModel.m; sourceTree = "<group>"; };
		64F28B031CFC4D6500E18BB1 /* SpecialModelAdapter.h */ = {isa = PBXFileReference; fileEncoding = 4; lastKnownFileType = sourcecode.c.h; path = SpecialModelAdapter.h; sourceTree = "<group>"; };
		64F28B041CFC4D6500E18BB1 /* SpecialModelAdapter.m */ = {isa = PBXFileReference; fileEncoding = 4; lastKnownFileType = sourcecode.c.objc; path = SpecialModelAdapter.m; sourceTree = "<group>"; };
/* End PBXFileReference section */

/* Begin PBXFrameworksBuildPhase section */
		64F28AB71CFC424D00E18BB1 /* Frameworks */ = {
			isa = PBXFrameworksBuildPhase;
			buildActionMask = 2147483647;
			files = (
			);
			runOnlyForDeploymentPostprocessing = 0;
		};
		64F28AD01CFC424D00E18BB1 /* Frameworks */ = {
			isa = PBXFrameworksBuildPhase;
			buildActionMask = 2147483647;
			files = (
			);
			runOnlyForDeploymentPostprocessing = 0;
		};
		64F28ADB1CFC424D00E18BB1 /* Frameworks */ = {
			isa = PBXFrameworksBuildPhase;
			buildActionMask = 2147483647;
			files = (
			);
			runOnlyForDeploymentPostprocessing = 0;
		};
/* End PBXFrameworksBuildPhase section */

/* Begin PBXGroup section */
		64F28AB11CFC424D00E18BB1 = {
			isa = PBXGroup;
			children = (
				64F28ABC1CFC424D00E18BB1 /* AdapterPattern */,
				64F28AD61CFC424D00E18BB1 /* AdapterPatternTests */,
				64F28AE11CFC424D00E18BB1 /* AdapterPatternUITests */,
				64F28ABB1CFC424D00E18BB1 /* Products */,
			);
			sourceTree = "<group>";
		};
		64F28ABB1CFC424D00E18BB1 /* Products */ = {
			isa = PBXGroup;
			children = (
				64F28ABA1CFC424D00E18BB1 /* AdapterPattern.app */,
				64F28AD31CFC424D00E18BB1 /* AdapterPatternTests.xctest */,
				64F28ADE1CFC424D00E18BB1 /* AdapterPatternUITests.xctest */,
			);
			name = Products;
			sourceTree = "<group>";
		};
		64F28ABC1CFC424D00E18BB1 /* AdapterPattern */ = {
			isa = PBXGroup;
			children = (
				64F28AC01CFC424D00E18BB1 /* AppDelegate.h */,
				64F28AC11CFC424D00E18BB1 /* AppDelegate.m */,
				64F28AC31CFC424D00E18BB1 /* ViewController.h */,
				64F28AC41CFC424D00E18BB1 /* ViewController.m */,
				64F28AF31CFC454F00E18BB1 /* BusinessCardAdapterProtocol.h */,
				64F28AF01CFC42CA00E18BB1 /* BusinessCardView.h */,
				64F28AF11CFC42CA00E18BB1 /* BusinessCardView.m */,
				64F28AF41CFC496200E18BB1 /* BusinessCardAdapter.h */,
				64F28AF51CFC496200E18BB1 /* BusinessCardAdapter.m */,
				64F28AF71CFC4B3A00E18BB1 /* CommonUsedAdapter.h */,
				64F28AF81CFC4B3A00E18BB1 /* CommonUsedAdapter.m */,
				64F28AFA1CFC4BAA00E18BB1 /* NormalModel.h */,
				64F28AFB1CFC4BAA00E18BB1 /* NormalModel.m */,
				64F28AFD1CFC4C0700E18BB1 /* NormalModelAdapter.h */,
				64F28AFE1CFC4C0700E18BB1 /* NormalModelAdapter.m */,
				64F28B001CFC4D1000E18BB1 /* SpecialModel.h */,
				64F28B011CFC4D1000E18BB1 /* SpecialModel.m */,
				64F28B031CFC4D6500E18BB1 /* SpecialModelAdapter.h */,
				64F28B041CFC4D6500E18BB1 /* SpecialModelAdapter.m */,
				64F28AC61CFC424D00E18BB1 /* Main.storyboard */,
				64F28AC91CFC424D00E18BB1 /* Assets.xcassets */,
				64F28ACB1CFC424D00E18BB1 /* LaunchScreen.storyboard */,
				64F28ACE1CFC424D00E18BB1 /* Info.plist */,
				64F28ABD1CFC424D00E18BB1 /* Supporting Files */,
			);
			path = AdapterPattern;
			sourceTree = "<group>";
		};
		64F28ABD1CFC424D00E18BB1 /* Supporting Files */ = {
			isa = PBXGroup;
			children = (
				64F28ABE1CFC424D00E18BB1 /* main.m */,
			);
			name = "Supporting Files";
			sourceTree = "<group>";
		};
		64F28AD61CFC424D00E18BB1 /* AdapterPatternTests */ = {
			isa = PBXGroup;
			children = (
				64F28AD71CFC424D00E18BB1 /* AdapterPatternTests.m */,
				64F28AD91CFC424D00E18BB1 /* Info.plist */,
			);
			path = AdapterPatternTests;
			sourceTree = "<group>";
		};
		64F28AE11CFC424D00E18BB1 /* AdapterPatternUITests */ = {
			isa = PBXGroup;
			children = (
				64F28AE21CFC424D00E18BB1 /* AdapterPatternUITests.m */,
				64F28AE41CFC424D00E18BB1 /* Info.plist */,
			);
			path = AdapterPatternUITests;
			sourceTree = "<group>";
		};
/* End PBXGroup section */

/* Begin PBXNativeTarget section */
		64F28AB91CFC424D00E18BB1 /* AdapterPattern */ = {
			isa = PBXNativeTarget;
			buildConfigurationList = 64F28AE71CFC424D00E18BB1 /* Build configuration list for PBXNativeTarget "AdapterPattern" */;
			buildPhases = (
				64F28AB61CFC424D00E18BB1 /* Sources */,
				64F28AB71CFC424D00E18BB1 /* Frameworks */,
				64F28AB81CFC424D00E18BB1 /* Resources */,
			);
			buildRules = (
			);
			dependencies = (
			);
			name = AdapterPattern;
			productName = AdapterPattern;
			productReference = 64F28ABA1CFC424D00E18BB1 /* AdapterPattern.app */;
			productType = "com.apple.product-type.application";
		};
		64F28AD21CFC424D00E18BB1 /* AdapterPatternTests */ = {
			isa = PBXNativeTarget;
			buildConfigurationList = 64F28AEA1CFC424D00E18BB1 /* Build configuration list for PBXNativeTarget "AdapterPatternTests" */;
			buildPhases = (
				64F28ACF1CFC424D00E18BB1 /* Sources */,
				64F28AD01CFC424D00E18BB1 /* Frameworks */,
				64F28AD11CFC424D00E18BB1 /* Resources */,
			);
			buildRules = (
			);
			dependencies = (
				64F28AD51CFC424D00E18BB1 /* PBXTargetDependency */,
			);
			name = AdapterPatternTests;
			productName = AdapterPatternTests;
			productReference = 64F28AD31CFC424D00E18BB1 /* AdapterPatternTests.xctest */;
			productType = "com.apple.product-type.bundle.unit-test";
		};
		64F28ADD1CFC424D00E18BB1 /* AdapterPatternUITests */ = {
			isa = PBXNativeTarget;
			buildConfigurationList = 64F28AED1CFC424D00E18BB1 /* Build configuration list for PBXNativeTarget "AdapterPatternUITests" */;
			buildPhases = (
				64F28ADA1CFC424D00E18BB1 /* Sources */,
				64F28ADB1CFC424D00E18BB1 /* Frameworks */,
				64F28ADC1CFC424D00E18BB1 /* Resources */,
			);
			buildRules = (
			);
			dependencies = (
				64F28AE01CFC424D00E18BB1 /* PBXTargetDependency */,
			);
			name = AdapterPatternUITests;
			productName = AdapterPatternUITests;
			productReference = 64F28ADE1CFC424D00E18BB1 /* AdapterPatternUITests.xctest */;
			productType = "com.apple.product-type.bundle.ui-testing";
		};
/* End PBXNativeTarget section */

/* Begin PBXProject section */
		64F28AB21CFC424D00E18BB1 /* Project object */ = {
			isa = PBXProject;
			attributes = {
				LastUpgradeCheck = 0720;
				ORGANIZATIONNAME = wl.wanlian;
				TargetAttributes = {
					64F28AB91CFC424D00E18BB1 = {
						CreatedOnToolsVersion = 7.2;
					};
					64F28AD21CFC424D00E18BB1 = {
						CreatedOnToolsVersion = 7.2;
						TestTargetID = 64F28AB91CFC424D00E18BB1;
					};
					64F28ADD1CFC424D00E18BB1 = {
						CreatedOnToolsVersion = 7.2;
						TestTargetID = 64F28AB91CFC424D00E18BB1;
					};
				};
			};
			buildConfigurationList = 64F28AB51CFC424D00E18BB1 /* Build configuration list for PBXProject "AdapterPattern" */;
			compatibilityVersion = "Xcode 3.2";
			developmentRegion = English;
			hasScannedForEncodings = 0;
			knownRegions = (
				en,
				Base,
			);
			mainGroup = 64F28AB11CFC424D00E18BB1;
			productRefGroup = 64F28ABB1CFC424D00E18BB1 /* Products */;
			projectDirPath = "";
			projectRoot = "";
			targets = (
				64F28AB91CFC424D00E18BB1 /* AdapterPattern */,
				64F28AD21CFC424D00E18BB1 /* AdapterPatternTests */,
				64F28ADD1CFC424D00E18BB1 /* AdapterPatternUITests */,
			);
		};
/* End PBXProject section */

/* Begin PBXResourcesBuildPhase section */
		64F28AB81CFC424D00E18BB1 /* Resources */ = {
			isa = PBXResourcesBuildPhase;
			buildActionMask = 2147483647;
			files = (
				64F28ACD1CFC424D00E18BB1 /* LaunchScreen.storyboard in Resources */,
				64F28ACA1CFC424D00E18BB1 /* Assets.xcassets in Resources */,
				64F28AC81CFC424D00E18BB1 /* Main.storyboard in Resources */,
			);
			runOnlyForDeploymentPostprocessing = 0;
		};
		64F28AD11CFC424D00E18BB1 /* Resources */ = {
			isa = PBXResourcesBuildPhase;
			buildActionMask = 2147483647;
			files = (
			);
			runOnlyForDeploymentPostprocessing = 0;
		};
		64F28ADC1CFC424D00E18BB1 /* Resources */ = {
			isa = PBXResourcesBuildPhase;
			buildActionMask = 2147483647;
			files = (
			);
			runOnlyForDeploymentPostprocessing = 0;
		};
/* End PBXResourcesBuildPhase section */

/* Begin PBXSourcesBuildPhase section */
		64F28AB61CFC424D00E18BB1 /* Sources */ = {
			isa = PBXSourcesBuildPhase;
			buildActionMask = 2147483647;
			files = (
				64F28AC51CFC424D00E18BB1 /* ViewController.m in Sources */,
				64F28B021CFC4D1000E18BB1 /* SpecialModel.m in Sources */,
				64F28AF91CFC4B3A00E18BB1 /* CommonUsedAdapter.m in Sources */,
				64F28AFF1CFC4C0700E18BB1 /* NormalModelAdapter.m in Sources */,
				64F28AC21CFC424D00E18BB1 /* AppDelegate.m in Sources */,
				64F28AFC1CFC4BAA00E18BB1 /* NormalModel.m in Sources */,
				64F28AF61CFC496200E18BB1 /* BusinessCardAdapter.m in Sources */,
				64F28B051CFC4D6500E18BB1 /* SpecialModelAdapter.m in Sources */,
				64F28AF21CFC42CA00E18BB1 /* BusinessCardView.m in Sources */,
				64F28ABF1CFC424D00E18BB1 /* main.m in Sources */,
			);
			runOnlyForDeploymentPostprocessing = 0;
		};
		64F28ACF1CFC424D00E18BB1 /* Sources */ = {
			isa = PBXSourcesBuildPhase;
			buildActionMask = 2147483647;
			files = (
				64F28AD81CFC424D00E18BB1 /* AdapterPatternTests.m in Sources */,
			);
			runOnlyForDeploymentPostprocessing = 0;
		};
		64F28ADA1CFC424D00E18BB1 /* Sources */ = {
			isa = PBXSourcesBuildPhase;
			buildActionMask = 2147483647;
			files = (
				64F28AE31CFC424D00E18BB1 /* AdapterPatternUITests.m in Sources */,
			);
			runOnlyForDeploymentPostprocessing = 0;
		};
/* End PBXSourcesBuildPhase section */

/* Begin PBXTargetDependency section */
		64F28AD51CFC424D00E18BB1 /* PBXTargetDependency */ = {
			isa = PBXTargetDependency;
			target = 64F28AB91CFC424D00E18BB1 /* AdapterPattern */;
			targetProxy = 64F28AD41CFC424D00E18BB1 /* PBXContainerItemProxy */;
		};
		64F28AE01CFC424D00E18BB1 /* PBXTargetDependency */ = {
			isa = PBXTargetDependency;
			target = 64F28AB91CFC424D00E18BB1 /* AdapterPattern */;
			targetProxy = 64F28ADF1CFC424D00E18BB1 /* PBXContainerItemProxy */;
		};
/* End PBXTargetDependency section */

/* Begin PBXVariantGroup section */
		64F28AC61CFC424D00E18BB1 /* Main.storyboard */ = {
			isa = PBXVariantGroup;
			children = (
				64F28AC71CFC424D00E18BB1 /* Base */,
			);
			name = Main.storyboard;
			sourceTree = "<group>";
		};
		64F28ACB1CFC424D00E18BB1 /* LaunchScreen.storyboard */ = {
			isa = PBXVariantGroup;
			children = (
				64F28ACC1CFC424D00E18BB1 /* Base */,
			);
			name = LaunchScreen.storyboard;
			sourceTree = "<group>";
		};
/* End PBXVariantGroup section */

/* Begin XCBuildConfiguration section */
		64F28AE51CFC424D00E18BB1 /* Debug */ = {
			isa = XCBuildConfiguration;
			buildSettings = {
				ALWAYS_SEARCH_USER_PATHS = NO;
				CLANG_CXX_LANGUAGE_STANDARD = "gnu++0x";
				CLANG_CXX_LIBRARY = "libc++";
				CLANG_ENABLE_MODULES = YES;
				CLANG_ENABLE_OBJC_ARC = YES;
				CLANG_WARN_BOOL_CONVERSION = YES;
				CLANG_WARN_CONSTANT_CONVERSION = YES;
				CLANG_WARN_DIRECT_OBJC_ISA_USAGE = YES_ERROR;
				CLANG_WARN_EMPTY_BODY = YES;
				CLANG_WARN_ENUM_CONVERSION = YES;
				CLANG_WARN_INT_CONVERSION = YES;
				CLANG_WARN_OBJC_ROOT_CLASS = YES_ERROR;
				CLANG_WARN_UNREACHABLE_CODE = YES;
				CLANG_WARN__DUPLICATE_METHOD_MATCH = YES;
				"CODE_SIGN_IDENTITY[sdk=iphoneos*]" = "iPhone Developer";
				COPY_PHASE_STRIP = NO;
				DEBUG_INFORMATION_FORMAT = dwarf;
				ENABLE_STRICT_OBJC_MSGSEND = YES;
				ENABLE_TESTABILITY = YES;
				GCC_C_LANGUAGE_STANDARD = gnu99;
				GCC_DYNAMIC_NO_PIC = NO;
				GCC_NO_COMMON_BLOCKS = YES;
				GCC_OPTIMIZATION_LEVEL = 0;
				GCC_PREPROCESSOR_DEFINITIONS = (
					"DEBUG=1",
					"$(inherited)",
				);
				GCC_WARN_64_TO_32_BIT_CONVERSION = YES;
				GCC_WARN_ABOUT_RETURN_TYPE = YES_ERROR;
				GCC_WARN_UNDECLARED_SELECTOR = YES;
				GCC_WARN_UNINITIALIZED_AUTOS = YES_AGGRESSIVE;
				GCC_WARN_UNUSED_FUNCTION = YES;
				GCC_WARN_UNUSED_VARIABLE = YES;
				IPHONEOS_DEPLOYMENT_TARGET = 9.2;
				MTL_ENABLE_DEBUG_INFO = YES;
				ONLY_ACTIVE_ARCH = YES;
				SDKROOT = iphoneos;
			};
			name = Debug;
		};
		64F28AE61CFC424D00E18BB1 /* Release */ = {
			isa = XCBuildConfiguration;
			buildSettings = {
				ALWAYS_SEARCH_USER_PATHS = NO;
				CLANG_CXX_LANGUAGE_STANDARD = "gnu++0x";
				CLANG_CXX_LIBRARY = "libc++";
				CLANG_ENABLE_MODULES = YES;
				CLANG_ENABLE_OBJC_ARC = YES;
				CLANG_WARN_BOOL_CONVERSION = YES;
				CLANG_WARN_CONSTANT_CONVERSION = YES;
				CLANG_WARN_DIRECT_OBJC_ISA_USAGE = YES_ERROR;
				CLANG_WARN_EMPTY_BODY = YES;
				CLANG_WARN_ENUM_CONVERSION = YES;
				CLANG_WARN_INT_CONVERSION = YES;
				CLANG_WARN_OBJC_ROOT_CLASS = YES_ERROR;
				CLANG_WARN_UNREACHABLE_CODE = YES;
				CLANG_WARN__DUPLICATE_METHOD_MATCH = YES;
				"CODE_SIGN_IDENTITY[sdk=iphoneos*]" = "iPhone Developer";
				COPY_PHASE_STRIP = NO;
				DEBUG_INFORMATION_FORMAT = "dwarf-with-dsym";
				ENABLE_NS_ASSERTIONS = NO;
				ENABLE_STRICT_OBJC_MSGSEND = YES;
				GCC_C_LANGUAGE_STANDARD = gnu99;
				GCC_NO_COMMON_BLOCKS = YES;
				GCC_WARN_64_TO_32_BIT_CONVERSION = YES;
				GCC_WARN_ABOUT_RETURN_TYPE = YES_ERROR;
				GCC_WARN_UNDECLARED_SELECTOR = YES;
				GCC_WARN_UNINITIALIZED_AUTOS = YES_AGGRESSIVE;
				GCC_WARN_UNUSED_FUNCTION = YES;
				GCC_WARN_UNUSED_VARIABLE = YES;
				IPHONEOS_DEPLOYMENT_TARGET = 9.2;
				MTL_ENABLE_DEBUG_INFO = NO;
				SDKROOT = iphoneos;
				VALIDATE_PRODUCT = YES;
			};
			name = Release;
		};
		64F28AE81CFC424D00E18BB1 /* Debug */ = {
			isa = XCBuildConfiguration;
			buildSettings = {
				ASSETCATALOG_COMPILER_APPICON_NAME = AppIcon;
				INFOPLIST_FILE = AdapterPattern/Info.plist;
				LD_RUNPATH_SEARCH_PATHS = "$(inherited) @executable_path/Frameworks";
				PRODUCT_BUNDLE_IDENTIFIER = com.wanlian.AdapterPattern;
				PRODUCT_NAME = "$(TARGET_NAME)";
			};
			name = Debug;
		};
		64F28AE91CFC424D00E18BB1 /* Release */ = {
			isa = XCBuildConfiguration;
			buildSettings = {
				ASSETCATALOG_COMPILER_APPICON_NAME = AppIcon;
				INFOPLIST_FILE = AdapterPattern/Info.plist;
				LD_RUNPATH_SEARCH_PATHS = "$(inherited) @executable_path/Frameworks";
				PRODUCT_BUNDLE_IDENTIFIER = com.wanlian.AdapterPattern;
				PRODUCT_NAME = "$(TARGET_NAME)";
			};
			name = Release;
		};
		64F28AEB1CFC424D00E18BB1 /* Debug */ = {
			isa = XCBuildConfiguration;
			buildSettings = {
				BUNDLE_LOADER = "$(TEST_HOST)";
				INFOPLIST_FILE = AdapterPatternTests/Info.plist;
				LD_RUNPATH_SEARCH_PATHS = "$(inherited) @executable_path/Frameworks @loader_path/Frameworks";
				PRODUCT_BUNDLE_IDENTIFIER = com.wanlian.AdapterPatternTests;
				PRODUCT_NAME = "$(TARGET_NAME)";
				TEST_HOST = "$(BUILT_PRODUCTS_DIR)/AdapterPattern.app/AdapterPattern";
			};
			name = Debug;
		};
		64F28AEC1CFC424D00E18BB1 /* Release */ = {
			isa = XCBuildConfiguration;
			buildSettings = {
				BUNDLE_LOADER = "$(TEST_HOST)";
				INFOPLIST_FILE = AdapterPatternTests/Info.plist;
				LD_RUNPATH_SEARCH_PATHS = "$(inherited) @executable_path/Frameworks @loader_path/Frameworks";
				PRODUCT_BUNDLE_IDENTIFIER = com.wanlian.AdapterPatternTests;
				PRODUCT_NAME = "$(TARGET_NAME)";
				TEST_HOST = "$(BUILT_PRODUCTS_DIR)/AdapterPattern.app/AdapterPattern";
			};
			name = Release;
		};
		64F28AEE1CFC424D00E18BB1 /* Debug */ = {
			isa = XCBuildConfiguration;
			buildSettings = {
				INFOPLIST_FILE = AdapterPatternUITests/Info.plist;
				LD_RUNPATH_SEARCH_PATHS = "$(inherited) @executable_path/Frameworks @loader_path/Frameworks";
				PRODUCT_BUNDLE_IDENTIFIER = com.wanlian.AdapterPatternUITests;
				PRODUCT_NAME = "$(TARGET_NAME)";
				TEST_TARGET_NAME = AdapterPattern;
				USES_XCTRUNNER = YES;
			};
			name = Debug;
		};
		64F28AEF1CFC424D00E18BB1 /* Release */ = {
			isa = XCBuildConfiguration;
			buildSettings = {
				INFOPLIST_FILE = AdapterPatternUITests/Info.plist;
				LD_RUNPATH_SEARCH_PATHS = "$(inherited) @executable_path/Frameworks @loader_path/Frameworks";
				PRODUCT_BUNDLE_IDENTIFIER = com.wanlian.AdapterPatternUITests;
				PRODUCT_NAME = "$(TARGET_NAME)";
				TEST_TARGET_NAME = AdapterPattern;
				USES_XCTRUNNER = YES;
			};
			name = Release;
		};
/* End XCBuildConfiguration section */

/* Begin XCConfigurationList section */
		64F28AB51CFC424D00E18BB1 /* Build configuration list for PBXProject "AdapterPattern" */ = {
			isa = XCConfigurationList;
			buildConfigurations = (
				64F28AE51CFC424D00E18BB1 /* Debug */,
				64F28AE61CFC424D00E18BB1 /* Release */,
			);
			defaultConfigurationIsVisible = 0;
			defaultConfigurationName = Release;
		};
		64F28AE71CFC424D00E18BB1 /* Build configuration list for PBXNativeTarget "AdapterPattern" */ = {
			isa = XCConfigurationList;
			buildConfigurations = (
				64F28AE81CFC424D00E18BB1 /* Debug */,
				64F28AE91CFC424D00E18BB1 /* Release */,
			);
			defaultConfigurationIsVisible = 0;
			defaultConfigurationName = Release;
		};
		64F28AEA1CFC424D00E18BB1 /* Build configuration list for PBXNativeTarget "AdapterPatternTests" */ = {
			isa = XCConfigurationList;
			buildConfigurations = (
				64F28AEB1CFC424D00E18BB1 /* Debug */,
				64F28AEC1CFC424D00E18BB1 /* Release */,
			);
			defaultConfigurationIsVisible = 0;
			defaultConfigurationName = Release;
		};
		64F28AED1CFC424D00E18BB1 /* Build configuration list for PBXNativeTarget "AdapterPatternUITests" */ = {
			isa = XCConfigurationList;
			buildConfigurations = (
				64F28AEE1CFC424D00E18BB1 /* Debug */,
				64F28AEF1CFC424D00E18BB1 /* Release */,
			);
			defaultConfigurationIsVisible = 0;
			defaultConfigurationName = Release;
		};
/* End XCConfigurationList section */
	};
	rootObject = 64F28AB21CFC424D00E18BB1 /* Project object */;
}
